// !$*UTF8*$!
{
	archiveVersion = 1;
	classes = {
	};
	objectVersion = 77;
	objects = {

/* Begin PBXBuildFile section */
		009287350ADFA1794A5F547C /* AuthScreen.swift in Sources */ = {isa = PBXBuildFile; fileRef = E3B81F86B6235C8375FA3964 /* AuthScreen.swift */; };
		0238F25AF2FC0F9DE078FCA7 /* PrivacyInfo.xcprivacy in Resources */ = {isa = PBXBuildFile; fileRef = AB3F4CFE6EB7DA53D3C755D3 /* PrivacyInfo.xcprivacy */; };
		0A701E4C6D95E9F71BC1975A /* AudioQualityGuard.swift in Sources */ = {isa = PBXBuildFile; fileRef = 7737772B64D237A67CB4D9E6 /* AudioQualityGuard.swift */; };
		0DDF31CD4796724245DC1EF4 /* TemplateSelectionScreen.swift in Sources */ = {isa = PBXBuildFile; fileRef = 841FE165C77D5B082222516D /* TemplateSelectionScreen.swift */; };
		138E6D6D3EB793CAF0E65A76 /* CustomTemplateStore.swift in Sources */ = {isa = PBXBuildFile; fileRef = 985616D816D61EDFB7D8025D /* CustomTemplateStore.swift */; };
		1B32AE90CD97373BBC38CA0C /* ProjectRepository.swift in Sources */ = {isa = PBXBuildFile; fileRef = F494D19DF79D6891075F003E /* ProjectRepository.swift */; };
		1C773039C5E27EF23061CEBD /* DebugTimelineScreen.swift in Sources */ = {isa = PBXBuildFile; fileRef = 364C800E58EF24989980D462 /* DebugTimelineScreen.swift */; };
		1FCCCFF0AF28AC0E322BDE63 /* pop.mp3 in Resources */ = {isa = PBXBuildFile; fileRef = E9C84DA0BB6AE03ED96AB93E /* pop.mp3 */; };
		229EC4A7B09ACBFFF660A9AC /* ProjectsScreen.swift in Sources */ = {isa = PBXBuildFile; fileRef = C2785F1827D73BCE2EBD4017 /* ProjectsScreen.swift */; };
		258A65C2CF2DBF2461503348 /* Lottie in Frameworks */ = {isa = PBXBuildFile; productRef = C1223C501B51C6713465798A /* Lottie */; };
		26400B2FFC353DFF6A6AE844 /* CaptionSceneEventPlanner.swift in Sources */ = {isa = PBXBuildFile; fileRef = 586DC3889415C1CD20467C73 /* CaptionSceneEventPlanner.swift */; };
		26E48D862C02A3CACFCC666D /* AudioAnalysisService.swift in Sources */ = {isa = PBXBuildFile; fileRef = 66C373ACE0E41C68BEC62183 /* AudioAnalysisService.swift */; };
		27EFC17E9403D28F5F5F80C3 /* SFXAssetManager.swift in Sources */ = {isa = PBXBuildFile; fileRef = 269103C287576CEE2D3D3199 /* SFXAssetManager.swift */; };
		2B3285E6C9B3C04CCC850D6B /* CaptionPreviewScreen.swift in Sources */ = {isa = PBXBuildFile; fileRef = E735B7FA6A82794BED65F79F /* CaptionPreviewScreen.swift */; };
		301B50764891F1535064762B /* CutSenseApp.swift in Sources */ = {isa = PBXBuildFile; fileRef = 86A091CC60867BC2AF47E2C4 /* CutSenseApp.swift */; };
		3119699A27FC174B5FED0C20 /* ExportVerificationTests.swift in Sources */ = {isa = PBXBuildFile; fileRef = 57E56D95137245F133E61B85 /* ExportVerificationTests.swift */; };
		3125FF75BF4329C6EBF1F6E5 /* ExportPipelineE2ETests.swift in Sources */ = {isa = PBXBuildFile; fileRef = F5F8F6529656DEA8436213B8 /* ExportPipelineE2ETests.swift */; };
		3170B1BE4F8E916C31CB2BC6 /* cutsense_test_video.mp4 in Resources */ = {isa = PBXBuildFile; fileRef = 0BA172789654C4ABB795D96D /* cutsense_test_video.mp4 */; };
		33CCAA14CC7C6549A5CD62BD /* AuthManager.swift in Sources */ = {isa = PBXBuildFile; fileRef = 72233D1433B64E2F396B2C0B /* AuthManager.swift */; };
		3E27F382B6A0859D26B67B66 /* RoughCutDecisionEngine.swift in Sources */ = {isa = PBXBuildFile; fileRef = ED5D91CABEA7737C8345B66D /* RoughCutDecisionEngine.swift */; };
		41A88B209E8C52CC778F8BB8 /* TakeDetectionEngine.swift in Sources */ = {isa = PBXBuildFile; fileRef = 8C6DEDC0C443A50526EC1F39 /* TakeDetectionEngine.swift */; };
		423F23D80750F13801D54231 /* CaptionOverlayCompositor.swift in Sources */ = {isa = PBXBuildFile; fileRef = 57AEBDFD2199B8F98956BCB5 /* CaptionOverlayCompositor.swift */; };
		49D01160A804DD0C19D6264E /* VideoImportScreen.swift in Sources */ = {isa = PBXBuildFile; fileRef = CF11EA132064333A2599A6FB /* VideoImportScreen.swift */; };
		4A39C3A8C0AF8DCDFD531763 /* AccountScreen.swift in Sources */ = {isa = PBXBuildFile; fileRef = F05673FB3EA70406FB93343F /* AccountScreen.swift */; };
		4CD84223916261970EBBAC17 /* TestHelpers.swift in Sources */ = {isa = PBXBuildFile; fileRef = 234198B5321CA8C80832EECC /* TestHelpers.swift */; };
		4D1165E8E5348D4E8F16231E /* AnalysisScreen.swift in Sources */ = {isa = PBXBuildFile; fileRef = BFADB696F1D425B521D988E0 /* AnalysisScreen.swift */; };
		534A78A637D8917232DCD9B1 /* CaptionEngine.swift in Sources */ = {isa = PBXBuildFile; fileRef = 8CE6AF3FAF49136C495610E9 /* CaptionEngine.swift */; };
		5671B9304FB2DC42E80E64A3 /* Models.swift in Sources */ = {isa = PBXBuildFile; fileRef = 2515ADDECC802089D2ED807D /* Models.swift */; };
		5B256508496EE1CA818D7D61 /* onboarding_welcome.json in Resources */ = {isa = PBXBuildFile; fileRef = F6D9F5B22B891A67A7A60A10 /* onboarding_welcome.json */; };
		66845A0CF4B43AE2875658CD /* whoosh.mp3 in Resources */ = {isa = PBXBuildFile; fileRef = 8BAFC9C04FA32C226F4F58EF /* whoosh.mp3 */; };
		694B8B0933D6FE9FBEB7CFAE /* riser.mp3 in Resources */ = {isa = PBXBuildFile; fileRef = A6F23D426F0BA738B8C4F653 /* riser.mp3 */; };
		696CCE3CD99BEAD3BD22EA02 /* CaptionModels.swift in Sources */ = {isa = PBXBuildFile; fileRef = 00055E71E3774D1DA883AA17 /* CaptionModels.swift */; };
		69D63998D72478F3CDD63286 /* VideoPreviewEngine.swift in Sources */ = {isa = PBXBuildFile; fileRef = BDB255C682E012DC6B8EC704 /* VideoPreviewEngine.swift */; };
		6C2E2B5FBA841BEA58B87AC9 /* TimelineDebugLogger.swift in Sources */ = {isa = PBXBuildFile; fileRef = AEFA457BD2DA1E5D808F8A67 /* TimelineDebugLogger.swift */; };
		746A68F8301DD383E88E47B3 /* GoldenTranscriptTests.swift in Sources */ = {isa = PBXBuildFile; fileRef = 6C497561CA0FA241920D4895 /* GoldenTranscriptTests.swift */; };
		75D72BF1CAE19412CCD4E80D /* RoughCutPreviewPlayer.swift in Sources */ = {isa = PBXBuildFile; fileRef = 2A01DD8FF748A80B87ADD3DC /* RoughCutPreviewPlayer.swift */; };
		783DC6915E1C513F21F47D2B /* FilterEngine.swift in Sources */ = {isa = PBXBuildFile; fileRef = 43FF6D5797B56CB4F3A1BB0D /* FilterEngine.swift */; };
		7846C279373A603E7AAE8795 /* CustomTemplateBuilderScreen.swift in Sources */ = {isa = PBXBuildFile; fileRef = C759B22FEF689C56CC360CF9 /* CustomTemplateBuilderScreen.swift */; };
		786602F19EBBE7F49705B4ED /* CleanTimelineBuilder.swift in Sources */ = {isa = PBXBuildFile; fileRef = F97FF6F27A35AD8B62B81C44 /* CleanTimelineBuilder.swift */; };
		7BAA2F3E1E68B3A6DDB241FA /* impact.mp3 in Resources */ = {isa = PBXBuildFile; fileRef = E65F28EA5F92F055C18313B8 /* impact.mp3 */; };
		7ECB66A107EB769406B13E60 /* RoughCutReviewScreen.swift in Sources */ = {isa = PBXBuildFile; fileRef = 1BCE7E0EF6670FA7B6345C51 /* RoughCutReviewScreen.swift */; };
		837643FFAFE3177E3A31CC81 /* Theme.swift in Sources */ = {isa = PBXBuildFile; fileRef = F82E751CD6507A92A9434F6E /* Theme.swift */; };
		852454AB5509C96708AF8E0D /* TemplateHubScreen.swift in Sources */ = {isa = PBXBuildFile; fileRef = DF612A1CEF2C642FB5148737 /* TemplateHubScreen.swift */; };
		88FCA52256AE812FB6A3AE65 /* CutSense.storekit in Resources */ = {isa = PBXBuildFile; fileRef = C4F714C8062D468DA313F462 /* CutSense.storekit */; };
		922F39C42B814DE21BA7BD9C /* RootView.swift in Sources */ = {isa = PBXBuildFile; fileRef = 0A2E0B8B749BBA30F67CE91A /* RootView.swift */; };
		9312FECAA7336E816ECF62CF /* EditDecisionEngine.swift in Sources */ = {isa = PBXBuildFile; fileRef = 5529C17CF84DF8BB00EB4830 /* EditDecisionEngine.swift */; };
		94ACC917C41892C3F806E80B /* AudioMixService.swift in Sources */ = {isa = PBXBuildFile; fileRef = F01BAB05EFDAFAE4817EDA22 /* AudioMixService.swift */; };
		94FCAB872F179B71A12DEA72 /* SubscriptionManager.swift in Sources */ = {isa = PBXBuildFile; fileRef = 7E37C2184A75BA244D77348F /* SubscriptionManager.swift */; };
		9512BCB9AAD8ABC2EA88C7D8 /* BestTakeSelector.swift in Sources */ = {isa = PBXBuildFile; fileRef = D4C2AB9DE9323D35D601A1E6 /* BestTakeSelector.swift */; };
		97BD97F196519737F997C1F7 /* onboarding_export.json in Resources */ = {isa = PBXBuildFile; fileRef = D81953529D437FEC584E1D39 /* onboarding_export.json */; };
		99128F340EED2CAADD304369 /* Supabase in Frameworks */ = {isa = PBXBuildFile; productRef = FB538ABFCD1E080DC602EE9B /* Supabase */; };
		9F168BB65519F27C3F1E627C /* ContinuityChecker.swift in Sources */ = {isa = PBXBuildFile; fileRef = 9E75BA244D81BAF2CBB96D3A /* ContinuityChecker.swift */; };
		9FB0F6DBA4FCE052496C4163 /* TemplateConfig.swift in Sources */ = {isa = PBXBuildFile; fileRef = 6FB146E284B616EEA64573CF /* TemplateConfig.swift */; };
		A084EF24CE460E3521205A57 /* PipelineIntegrationTests.swift in Sources */ = {isa = PBXBuildFile; fileRef = A249ACA7751369C123E5451A /* PipelineIntegrationTests.swift */; };
		A27C5761649779A1BCE3B638 /* Assets.xcassets in Resources */ = {isa = PBXBuildFile; fileRef = C568ED16C5A5569D901E936F /* Assets.xcassets */; };
		A36E8F56161270DEEAA9CD56 /* OnboardingScreen.swift in Sources */ = {isa = PBXBuildFile; fileRef = DC71CA897E05C4463C8A352E /* OnboardingScreen.swift */; };
		A387E8D0E762928EC832E5F6 /* ExportVerificationReport.swift in Sources */ = {isa = PBXBuildFile; fileRef = E656693935133F3D6145E617 /* ExportVerificationReport.swift */; };
		A393A49F65371AA8F739E41E /* ExportScreen.swift in Sources */ = {isa = PBXBuildFile; fileRef = 1E99FFE749DCF4B73DBF1339 /* ExportScreen.swift */; };
		A46E147C49C542FD078412F0 /* CaptionRoleClassifier.swift in Sources */ = {isa = PBXBuildFile; fileRef = AC7FCCB2E20594CED878C917 /* CaptionRoleClassifier.swift */; };
		A4E819439EBA44CE9C52B371 /* SpeechTranscriptionService.swift in Sources */ = {isa = PBXBuildFile; fileRef = 273E9FCDA19A2DCFEF51AB6A /* SpeechTranscriptionService.swift */; };
		ABE73513687163E4F97FB33F /* onboarding_ai.json in Resources */ = {isa = PBXBuildFile; fileRef = CC30D8BED7D725522624A5A0 /* onboarding_ai.json */; };
		AC288C9000CFD7226A256596 /* CutSenseTests.swift in Sources */ = {isa = PBXBuildFile; fileRef = 668E0F2DEA05FD6C59ED350F /* CutSenseTests.swift */; };
		AC88AA985F31542565EE3679 /* QualityGateService.swift in Sources */ = {isa = PBXBuildFile; fileRef = F928B8F6178CCF7F82382C34 /* QualityGateService.swift */; };
		ADCAD5E915940F15C057A775 /* VideoMetadataService.swift in Sources */ = {isa = PBXBuildFile; fileRef = 9C9CA1330E134212E6674FEC /* VideoMetadataService.swift */; };
		B2F83FC1E1329E7103A1600E /* TimelineMapper.swift in Sources */ = {isa = PBXBuildFile; fileRef = 41A4067C5C627E1D027254D9 /* TimelineMapper.swift */; };
		B6DF602015817D4002578543 /* CaptionReadabilityGuard.swift in Sources */ = {isa = PBXBuildFile; fileRef = 228923324C3F2424B2FE4DDF /* CaptionReadabilityGuard.swift */; };
		B6E5EA06E01A3474AF7C6B83 /* ContextAwareEditCommandDetector.swift in Sources */ = {isa = PBXBuildFile; fileRef = A95DC6396A268651C20BC4B3 /* ContextAwareEditCommandDetector.swift */; };
		B75BEAAB8EDA50187B9EAC58 /* TimelineMapperTests.swift in Sources */ = {isa = PBXBuildFile; fileRef = 4FA5036566837150A84F5B9A /* TimelineMapperTests.swift */; };
		B8EA16B2AA648DEE61D90C7E /* confirm.mp3 in Resources */ = {isa = PBXBuildFile; fileRef = 6ACF380C381DA16077DE5943 /* confirm.mp3 */; };
		BB959AF76A2768AC1BC67BD2 /* TranscriptCleanupAnalyzer.swift in Sources */ = {isa = PBXBuildFile; fileRef = E2066A131F8F42AC244BD893 /* TranscriptCleanupAnalyzer.swift */; };
		C46A27D2813284BE5254AEE3 /* IntensityLimiter.swift in Sources */ = {isa = PBXBuildFile; fileRef = EDFE871FAC73BD77AB5A6368 /* IntensityLimiter.swift */; };
		C53A6705E446B62F2CE64C45 /* SupabaseClient.swift in Sources */ = {isa = PBXBuildFile; fileRef = 2DB7DC49AAFACB345FCAC32C /* SupabaseClient.swift */; };
		C8E94B08BDEBCB211EACCF08 /* RoughCutModuleTests.swift in Sources */ = {isa = PBXBuildFile; fileRef = 32ADD7484DA1E9319A6A6617 /* RoughCutModuleTests.swift */; };
		CB100223B5178427C59CF3A5 /* OverEditingGuard.swift in Sources */ = {isa = PBXBuildFile; fileRef = 1868C6962283F039CF528939 /* OverEditingGuard.swift */; };
		CC06F1C1B25F33B0F58E1031 /* PipelineRepository.swift in Sources */ = {isa = PBXBuildFile; fileRef = C9E7352B12AB615168B697A4 /* PipelineRepository.swift */; };
		D2BD8EF815D8FB6530381BE4 /* VideoImportService.swift in Sources */ = {isa = PBXBuildFile; fileRef = C62FC1631B126EE52AC1C53B /* VideoImportService.swift */; };
		DA9F44B14EBE9B91990A2C75 /* TemplateHubService.swift in Sources */ = {isa = PBXBuildFile; fileRef = 58A84CAB5695D7431AF0DE77 /* TemplateHubService.swift */; };
		DCF23FD8BCB6E72C2FBE4022 /* ExportService.swift in Sources */ = {isa = PBXBuildFile; fileRef = 88AE4A2C0B4FF7CE416CB779 /* ExportService.swift */; };
		E9CF91B32C34517D70DF19E8 /* MeaningPreservationEngine.swift in Sources */ = {isa = PBXBuildFile; fileRef = 237512016215469EB5482955 /* MeaningPreservationEngine.swift */; };
		EB51CC12E7E4355BC11F634E /* PaywallScreen.swift in Sources */ = {isa = PBXBuildFile; fileRef = 517FF607C487C3E0A65E83B0 /* PaywallScreen.swift */; };
		EED8ADD818110699E2C50C5A /* SmartTranscriptAnalyzer.swift in Sources */ = {isa = PBXBuildFile; fileRef = 164790751C92C5C4A5E4263E /* SmartTranscriptAnalyzer.swift */; };
/* End PBXBuildFile section */

/* Begin PBXContainerItemProxy section */
		FCCFA5AFCFC0B253C7A8E137 /* PBXContainerItemProxy */ = {
			isa = PBXContainerItemProxy;
			containerPortal = D95314FEB236E8C34B89ED04 /* Project object */;
			proxyType = 1;
			remoteGlobalIDString = BDB998C8B18E04F0F12E26BD;
			remoteInfo = CutSense;
		};
/* End PBXContainerItemProxy section */

/* Begin PBXFileReference section */
		00055E71E3774D1DA883AA17 /* CaptionModels.swift */ = {isa = PBXFileReference; lastKnownFileType = sourcecode.swift; path = CaptionModels.swift; sourceTree = "<group>"; };
		0A2E0B8B749BBA30F67CE91A /* RootView.swift */ = {isa = PBXFileReference; lastKnownFileType = sourcecode.swift; path = RootView.swift; sourceTree = "<group>"; };
		0BA172789654C4ABB795D96D /* cutsense_test_video.mp4 */ = {isa = PBXFileReference; path = cutsense_test_video.mp4; sourceTree = "<group>"; };
		164790751C92C5C4A5E4263E /* SmartTranscriptAnalyzer.swift */ = {isa = PBXFileReference; lastKnownFileType = sourcecode.swift; path = SmartTranscriptAnalyzer.swift; sourceTree = "<group>"; };
		1868C6962283F039CF528939 /* OverEditingGuard.swift */ = {isa = PBXFileReference; lastKnownFileType = sourcecode.swift; path = OverEditingGuard.swift; sourceTree = "<group>"; };
		1BCE7E0EF6670FA7B6345C51 /* RoughCutReviewScreen.swift */ = {isa = PBXFileReference; lastKnownFileType = sourcecode.swift; path = RoughCutReviewScreen.swift; sourceTree = "<group>"; };
		1E99FFE749DCF4B73DBF1339 /* ExportScreen.swift */ = {isa = PBXFileReference; lastKnownFileType = sourcecode.swift; path = ExportScreen.swift; sourceTree = "<group>"; };
		21B8EA8C7B409C4AE35BF3D7 /* CutSense.entitlements */ = {isa = PBXFileReference; lastKnownFileType = text.plist.entitlements; path = CutSense.entitlements; sourceTree = "<group>"; };
		228923324C3F2424B2FE4DDF /* CaptionReadabilityGuard.swift */ = {isa = PBXFileReference; lastKnownFileType = sourcecode.swift; path = CaptionReadabilityGuard.swift; sourceTree = "<group>"; };
		234198B5321CA8C80832EECC /* TestHelpers.swift */ = {isa = PBXFileReference; lastKnownFileType = sourcecode.swift; path = TestHelpers.swift; sourceTree = "<group>"; };
		237512016215469EB5482955 /* MeaningPreservationEngine.swift */ = {isa = PBXFileReference; lastKnownFileType = sourcecode.swift; path = MeaningPreservationEngine.swift; sourceTree = "<group>"; };
		2515ADDECC802089D2ED807D /* Models.swift */ = {isa = PBXFileReference; lastKnownFileType = sourcecode.swift; path = Models.swift; sourceTree = "<group>"; };
		269103C287576CEE2D3D3199 /* SFXAssetManager.swift */ = {isa = PBXFileReference; lastKnownFileType = sourcecode.swift; path = SFXAssetManager.swift; sourceTree = "<group>"; };
		273E9FCDA19A2DCFEF51AB6A /* SpeechTranscriptionService.swift */ = {isa = PBXFileReference; lastKnownFileType = sourcecode.swift; path = SpeechTranscriptionService.swift; sourceTree = "<group>"; };
		283112666E896AFA8EEC42BB /* Info.plist */ = {isa = PBXFileReference; lastKnownFileType = text.plist; path = Info.plist; sourceTree = "<group>"; };
		2A01DD8FF748A80B87ADD3DC /* RoughCutPreviewPlayer.swift */ = {isa = PBXFileReference; lastKnownFileType = sourcecode.swift; path = RoughCutPreviewPlayer.swift; sourceTree = "<group>"; };
		2DB7DC49AAFACB345FCAC32C /* SupabaseClient.swift */ = {isa = PBXFileReference; lastKnownFileType = sourcecode.swift; path = SupabaseClient.swift; sourceTree = "<group>"; };
		32ADD7484DA1E9319A6A6617 /* RoughCutModuleTests.swift */ = {isa = PBXFileReference; lastKnownFileType = sourcecode.swift; path = RoughCutModuleTests.swift; sourceTree = "<group>"; };
		364C800E58EF24989980D462 /* DebugTimelineScreen.swift */ = {isa = PBXFileReference; lastKnownFileType = sourcecode.swift; path = DebugTimelineScreen.swift; sourceTree = "<group>"; };
		41A4067C5C627E1D027254D9 /* TimelineMapper.swift */ = {isa = PBXFileReference; lastKnownFileType = sourcecode.swift; path = TimelineMapper.swift; sourceTree = "<group>"; };
		43FF6D5797B56CB4F3A1BB0D /* FilterEngine.swift */ = {isa = PBXFileReference; lastKnownFileType = sourcecode.swift; path = FilterEngine.swift; sourceTree = "<group>"; };
		4FA5036566837150A84F5B9A /* TimelineMapperTests.swift */ = {isa = PBXFileReference; lastKnownFileType = sourcecode.swift; path = TimelineMapperTests.swift; sourceTree = "<group>"; };
		517FF607C487C3E0A65E83B0 /* PaywallScreen.swift */ = {isa = PBXFileReference; lastKnownFileType = sourcecode.swift; path = PaywallScreen.swift; sourceTree = "<group>"; };
		5529C17CF84DF8BB00EB4830 /* EditDecisionEngine.swift */ = {isa = PBXFileReference; lastKnownFileType = sourcecode.swift; path = EditDecisionEngine.swift; sourceTree = "<group>"; };
		57AEBDFD2199B8F98956BCB5 /* CaptionOverlayCompositor.swift */ = {isa = PBXFileReference; lastKnownFileType = sourcecode.swift; path = CaptionOverlayCompositor.swift; sourceTree = "<group>"; };
		57E56D95137245F133E61B85 /* ExportVerificationTests.swift */ = {isa = PBXFileReference; lastKnownFileType = sourcecode.swift; path = ExportVerificationTests.swift; sourceTree = "<group>"; };
		586DC3889415C1CD20467C73 /* CaptionSceneEventPlanner.swift */ = {isa = PBXFileReference; lastKnownFileType = sourcecode.swift; path = CaptionSceneEventPlanner.swift; sourceTree = "<group>"; };
		58A84CAB5695D7431AF0DE77 /* TemplateHubService.swift */ = {isa = PBXFileReference; lastKnownFileType = sourcecode.swift; path = TemplateHubService.swift; sourceTree = "<group>"; };
		668E0F2DEA05FD6C59ED350F /* CutSenseTests.swift */ = {isa = PBXFileReference; lastKnownFileType = sourcecode.swift; path = CutSenseTests.swift; sourceTree = "<group>"; };
		66C373ACE0E41C68BEC62183 /* AudioAnalysisService.swift */ = {isa = PBXFileReference; lastKnownFileType = sourcecode.swift; path = AudioAnalysisService.swift; sourceTree = "<group>"; };
		6ACF380C381DA16077DE5943 /* confirm.mp3 */ = {isa = PBXFileReference; lastKnownFileType = audio.mp3; path = confirm.mp3; sourceTree = "<group>"; };
		6C497561CA0FA241920D4895 /* GoldenTranscriptTests.swift */ = {isa = PBXFileReference; lastKnownFileType = sourcecode.swift; path = GoldenTranscriptTests.swift; sourceTree = "<group>"; };
		6FB146E284B616EEA64573CF /* TemplateConfig.swift */ = {isa = PBXFileReference; lastKnownFileType = sourcecode.swift; path = TemplateConfig.swift; sourceTree = "<group>"; };
		72233D1433B64E2F396B2C0B /* AuthManager.swift */ = {isa = PBXFileReference; lastKnownFileType = sourcecode.swift; path = AuthManager.swift; sourceTree = "<group>"; };
		7737772B64D237A67CB4D9E6 /* AudioQualityGuard.swift */ = {isa = PBXFileReference; lastKnownFileType = sourcecode.swift; path = AudioQualityGuard.swift; sourceTree = "<group>"; };
		7E37C2184A75BA244D77348F /* SubscriptionManager.swift */ = {isa = PBXFileReference; lastKnownFileType = sourcecode.swift; path = SubscriptionManager.swift; sourceTree = "<group>"; };
		841FE165C77D5B082222516D /* TemplateSelectionScreen.swift */ = {isa = PBXFileReference; lastKnownFileType = sourcecode.swift; path = TemplateSelectionScreen.swift; sourceTree = "<group>"; };
		86A091CC60867BC2AF47E2C4 /* CutSenseApp.swift */ = {isa = PBXFileReference; lastKnownFileType = sourcecode.swift; path = CutSenseApp.swift; sourceTree = "<group>"; };
		88AE4A2C0B4FF7CE416CB779 /* ExportService.swift */ = {isa = PBXFileReference; lastKnownFileType = sourcecode.swift; path = ExportService.swift; sourceTree = "<group>"; };
		8BAFC9C04FA32C226F4F58EF /* whoosh.mp3 */ = {isa = PBXFileReference; lastKnownFileType = audio.mp3; path = whoosh.mp3; sourceTree = "<group>"; };
		8C6DEDC0C443A50526EC1F39 /* TakeDetectionEngine.swift */ = {isa = PBXFileReference; lastKnownFileType = sourcecode.swift; path = TakeDetectionEngine.swift; sourceTree = "<group>"; };
		8CE6AF3FAF49136C495610E9 /* CaptionEngine.swift */ = {isa = PBXFileReference; lastKnownFileType = sourcecode.swift; path = CaptionEngine.swift; sourceTree = "<group>"; };
		8CE7C67F669CC7C139D97E42 /* CutSenseTests.xctest */ = {isa = PBXFileReference; includeInIndex = 0; lastKnownFileType = wrapper.cfbundle; path = CutSenseTests.xctest; sourceTree = BUILT_PRODUCTS_DIR; };
		985616D816D61EDFB7D8025D /* CustomTemplateStore.swift */ = {isa = PBXFileReference; lastKnownFileType = sourcecode.swift; path = CustomTemplateStore.swift; sourceTree = "<group>"; };
		9C9CA1330E134212E6674FEC /* VideoMetadataService.swift */ = {isa = PBXFileReference; lastKnownFileType = sourcecode.swift; path = VideoMetadataService.swift; sourceTree = "<group>"; };
		9E75BA244D81BAF2CBB96D3A /* ContinuityChecker.swift */ = {isa = PBXFileReference; lastKnownFileType = sourcecode.swift; path = ContinuityChecker.swift; sourceTree = "<group>"; };
		A249ACA7751369C123E5451A /* PipelineIntegrationTests.swift */ = {isa = PBXFileReference; lastKnownFileType = sourcecode.swift; path = PipelineIntegrationTests.swift; sourceTree = "<group>"; };
		A6F23D426F0BA738B8C4F653 /* riser.mp3 */ = {isa = PBXFileReference; lastKnownFileType = audio.mp3; path = riser.mp3; sourceTree = "<group>"; };
		A95DC6396A268651C20BC4B3 /* ContextAwareEditCommandDetector.swift */ = {isa = PBXFileReference; lastKnownFileType = sourcecode.swift; path = ContextAwareEditCommandDetector.swift; sourceTree = "<group>"; };
		AB3F4CFE6EB7DA53D3C755D3 /* PrivacyInfo.xcprivacy */ = {isa = PBXFileReference; path = PrivacyInfo.xcprivacy; sourceTree = "<group>"; };
		AC7FCCB2E20594CED878C917 /* CaptionRoleClassifier.swift */ = {isa = PBXFileReference; lastKnownFileType = sourcecode.swift; path = CaptionRoleClassifier.swift; sourceTree = "<group>"; };
		AEFA457BD2DA1E5D808F8A67 /* TimelineDebugLogger.swift */ = {isa = PBXFileReference; lastKnownFileType = sourcecode.swift; path = TimelineDebugLogger.swift; sourceTree = "<group>"; };
		B9A4ECAEAEB959B791A3372C /* CutSense.app */ = {isa = PBXFileReference; includeInIndex = 0; lastKnownFileType = wrapper.application; path = CutSense.app; sourceTree = BUILT_PRODUCTS_DIR; };
		BDB255C682E012DC6B8EC704 /* VideoPreviewEngine.swift */ = {isa = PBXFileReference; lastKnownFileType = sourcecode.swift; path = VideoPreviewEngine.swift; sourceTree = "<group>"; };
		BFADB696F1D425B521D988E0 /* AnalysisScreen.swift */ = {isa = PBXFileReference; lastKnownFileType = sourcecode.swift; path = AnalysisScreen.swift; sourceTree = "<group>"; };
		C2785F1827D73BCE2EBD4017 /* ProjectsScreen.swift */ = {isa = PBXFileReference; lastKnownFileType = sourcecode.swift; path = ProjectsScreen.swift; sourceTree = "<group>"; };
		C4F714C8062D468DA313F462 /* CutSense.storekit */ = {isa = PBXFileReference; path = CutSense.storekit; sourceTree = "<group>"; };
		C568ED16C5A5569D901E936F /* Assets.xcassets */ = {isa = PBXFileReference; lastKnownFileType = folder.assetcatalog; path = Assets.xcassets; sourceTree = "<group>"; };
		C62FC1631B126EE52AC1C53B /* VideoImportService.swift */ = {isa = PBXFileReference; lastKnownFileType = sourcecode.swift; path = VideoImportService.swift; sourceTree = "<group>"; };
		C759B22FEF689C56CC360CF9 /* CustomTemplateBuilderScreen.swift */ = {isa = PBXFileReference; lastKnownFileType = sourcecode.swift; path = CustomTemplateBuilderScreen.swift; sourceTree = "<group>"; };
		C9E7352B12AB615168B697A4 /* PipelineRepository.swift */ = {isa = PBXFileReference; lastKnownFileType = sourcecode.swift; path = PipelineRepository.swift; sourceTree = "<group>"; };
		CC30D8BED7D725522624A5A0 /* onboarding_ai.json */ = {isa = PBXFileReference; lastKnownFileType = text.json; path = onboarding_ai.json; sourceTree = "<group>"; };
		CF11EA132064333A2599A6FB /* VideoImportScreen.swift */ = {isa = PBXFileReference; lastKnownFileType = sourcecode.swift; path = VideoImportScreen.swift; sourceTree = "<group>"; };
		D4C2AB9DE9323D35D601A1E6 /* BestTakeSelector.swift */ = {isa = PBXFileReference; lastKnownFileType = sourcecode.swift; path = BestTakeSelector.swift; sourceTree = "<group>"; };
		D81953529D437FEC584E1D39 /* onboarding_export.json */ = {isa = PBXFileReference; lastKnownFileType = text.json; path = onboarding_export.json; sourceTree = "<group>"; };
		DC71CA897E05C4463C8A352E /* OnboardingScreen.swift */ = {isa = PBXFileReference; lastKnownFileType = sourcecode.swift; path = OnboardingScreen.swift; sourceTree = "<group>"; };
		DF612A1CEF2C642FB5148737 /* TemplateHubScreen.swift */ = {isa = PBXFileReference; lastKnownFileType = sourcecode.swift; path = TemplateHubScreen.swift; sourceTree = "<group>"; };
		E2066A131F8F42AC244BD893 /* TranscriptCleanupAnalyzer.swift */ = {isa = PBXFileReference; lastKnownFileType = sourcecode.swift; path = TranscriptCleanupAnalyzer.swift; sourceTree = "<group>"; };
		E3B81F86B6235C8375FA3964 /* AuthScreen.swift */ = {isa = PBXFileReference; lastKnownFileType = sourcecode.swift; path = AuthScreen.swift; sourceTree = "<group>"; };
		E656693935133F3D6145E617 /* ExportVerificationReport.swift */ = {isa = PBXFileReference; lastKnownFileType = sourcecode.swift; path = ExportVerificationReport.swift; sourceTree = "<group>"; };
		E65F28EA5F92F055C18313B8 /* impact.mp3 */ = {isa = PBXFileReference; lastKnownFileType = audio.mp3; path = impact.mp3; sourceTree = "<group>"; };
		E735B7FA6A82794BED65F79F /* CaptionPreviewScreen.swift */ = {isa = PBXFileReference; lastKnownFileType = sourcecode.swift; path = CaptionPreviewScreen.swift; sourceTree = "<group>"; };
		E9C84DA0BB6AE03ED96AB93E /* pop.mp3 */ = {isa = PBXFileReference; lastKnownFileType = audio.mp3; path = pop.mp3; sourceTree = "<group>"; };
		ED5D91CABEA7737C8345B66D /* RoughCutDecisionEngine.swift */ = {isa = PBXFileReference; lastKnownFileType = sourcecode.swift; path = RoughCutDecisionEngine.swift; sourceTree = "<group>"; };
		EDFE871FAC73BD77AB5A6368 /* IntensityLimiter.swift */ = {isa = PBXFileReference; lastKnownFileType = sourcecode.swift; path = IntensityLimiter.swift; sourceTree = "<group>"; };
		F01BAB05EFDAFAE4817EDA22 /* AudioMixService.swift */ = {isa = PBXFileReference; lastKnownFileType = sourcecode.swift; path = AudioMixService.swift; sourceTree = "<group>"; };
		F05673FB3EA70406FB93343F /* AccountScreen.swift */ = {isa = PBXFileReference; lastKnownFileType = sourcecode.swift; path = AccountScreen.swift; sourceTree = "<group>"; };
		F494D19DF79D6891075F003E /* ProjectRepository.swift */ = {isa = PBXFileReference; lastKnownFileType = sourcecode.swift; path = ProjectRepository.swift; sourceTree = "<group>"; };
		F5F8F6529656DEA8436213B8 /* ExportPipelineE2ETests.swift */ = {isa = PBXFileReference; lastKnownFileType = sourcecode.swift; path = ExportPipelineE2ETests.swift; sourceTree = "<group>"; };
		F6D9F5B22B891A67A7A60A10 /* onboarding_welcome.json */ = {isa = PBXFileReference; lastKnownFileType = text.json; path = onboarding_welcome.json; sourceTree = "<group>"; };
		F82E751CD6507A92A9434F6E /* Theme.swift */ = {isa = PBXFileReference; lastKnownFileType = sourcecode.swift; path = Theme.swift; sourceTree = "<group>"; };
		F928B8F6178CCF7F82382C34 /* QualityGateService.swift */ = {isa = PBXFileReference; lastKnownFileType = sourcecode.swift; path = QualityGateService.swift; sourceTree = "<group>"; };
		F97FF6F27A35AD8B62B81C44 /* CleanTimelineBuilder.swift */ = {isa = PBXFileReference; lastKnownFileType = sourcecode.swift; path = CleanTimelineBuilder.swift; sourceTree = "<group>"; };
		"TEMP_84EA5ACD-F552-4741-847F-401FFB59CAC2" /* Secrets.xcconfig */ = {isa = PBXFileReference; lastKnownFileType = text.xcconfig; path = Secrets.xcconfig; sourceTree = "<group>"; };
/* End PBXFileReference section */

/* Begin PBXFrameworksBuildPhase section */
		CE33C02E6E3A1EDFFC11066B /* Frameworks */ = {
			isa = PBXFrameworksBuildPhase;
			buildActionMask = 2147483647;
			files = (
				99128F340EED2CAADD304369 /* Supabase in Frameworks */,
				258A65C2CF2DBF2461503348 /* Lottie in Frameworks */,
			);
			runOnlyForDeploymentPostprocessing = 0;
		};
/* End PBXFrameworksBuildPhase section */

/* Begin PBXGroup section */
		0DD0231FE1A8DEAA3568A63F /* Export */ = {
			isa = PBXGroup;
			children = (
				57AEBDFD2199B8F98956BCB5 /* CaptionOverlayCompositor.swift */,
				F97FF6F27A35AD8B62B81C44 /* CleanTimelineBuilder.swift */,
				88AE4A2C0B4FF7CE416CB779 /* ExportService.swift */,
				43FF6D5797B56CB4F3A1BB0D /* FilterEngine.swift */,
				41A4067C5C627E1D027254D9 /* TimelineMapper.swift */,
			);
			path = Export;
			sourceTree = "<group>";
		};
		3191EC79147EC13BA7639368 /* Video */ = {
			isa = PBXGroup;
			children = (
				C62FC1631B126EE52AC1C53B /* VideoImportService.swift */,
				9C9CA1330E134212E6674FEC /* VideoMetadataService.swift */,
				BDB255C682E012DC6B8EC704 /* VideoPreviewEngine.swift */,
			);
			path = Video;
			sourceTree = "<group>";
		};
		35CC3410B0D884249E10C2E7 /* App */ = {
			isa = PBXGroup;
			children = (
				86A091CC60867BC2AF47E2C4 /* CutSenseApp.swift */,
				0A2E0B8B749BBA30F67CE91A /* RootView.swift */,
			);
			path = App;
			sourceTree = "<group>";
		};
		3E1083CBD53A83869F4E9290 /* Store */ = {
			isa = PBXGroup;
			children = (
				517FF607C487C3E0A65E83B0 /* PaywallScreen.swift */,
				7E37C2184A75BA244D77348F /* SubscriptionManager.swift */,
			);
			path = Store;
			sourceTree = "<group>";
		};
		4003C4E064D905B994EE3F12 /* RoughCut */ = {
			isa = PBXGroup;
			children = (
				66C373ACE0E41C68BEC62183 /* AudioAnalysisService.swift */,
				D4C2AB9DE9323D35D601A1E6 /* BestTakeSelector.swift */,
				A95DC6396A268651C20BC4B3 /* ContextAwareEditCommandDetector.swift */,
				9E75BA244D81BAF2CBB96D3A /* ContinuityChecker.swift */,
				237512016215469EB5482955 /* MeaningPreservationEngine.swift */,
				ED5D91CABEA7737C8345B66D /* RoughCutDecisionEngine.swift */,
				164790751C92C5C4A5E4263E /* SmartTranscriptAnalyzer.swift */,
				273E9FCDA19A2DCFEF51AB6A /* SpeechTranscriptionService.swift */,
				8C6DEDC0C443A50526EC1F39 /* TakeDetectionEngine.swift */,
				E2066A131F8F42AC244BD893 /* TranscriptCleanupAnalyzer.swift */,
			);
			path = RoughCut;
			sourceTree = "<group>";
		};
		568F452D455B9D00CC6F1233 /* Debug */ = {
			isa = PBXGroup;
			children = (
				364C800E58EF24989980D462 /* DebugTimelineScreen.swift */,
				E656693935133F3D6145E617 /* ExportVerificationReport.swift */,
			);
			path = Debug;
			sourceTree = "<group>";
		};
		56AA3FD7EEE9631A039EA62A /* SFX */ = {
			isa = PBXGroup;
			children = (
				6ACF380C381DA16077DE5943 /* confirm.mp3 */,
				E65F28EA5F92F055C18313B8 /* impact.mp3 */,
				E9C84DA0BB6AE03ED96AB93E /* pop.mp3 */,
				A6F23D426F0BA738B8C4F653 /* riser.mp3 */,
				8BAFC9C04FA32C226F4F58EF /* whoosh.mp3 */,
			);
			path = SFX;
			sourceTree = "<group>";
		};
		578D483127B9D9C32A010159 /* CutSenseQualityTests */ = {
			isa = PBXGroup;
			children = (
				0BA172789654C4ABB795D96D /* cutsense_test_video.mp4 */,
				F5F8F6529656DEA8436213B8 /* ExportPipelineE2ETests.swift */,
				57E56D95137245F133E61B85 /* ExportVerificationTests.swift */,
				6C497561CA0FA241920D4895 /* GoldenTranscriptTests.swift */,
				32ADD7484DA1E9319A6A6617 /* RoughCutModuleTests.swift */,
				234198B5321CA8C80832EECC /* TestHelpers.swift */,
			);
			path = CutSenseQualityTests;
			sourceTree = "<group>";
		};
		5EC0C59DE8D150877848EF14 /* Editing */ = {
			isa = PBXGroup;
			children = (
				F01BAB05EFDAFAE4817EDA22 /* AudioMixService.swift */,
				7737772B64D237A67CB4D9E6 /* AudioQualityGuard.swift */,
				985616D816D61EDFB7D8025D /* CustomTemplateStore.swift */,
				5529C17CF84DF8BB00EB4830 /* EditDecisionEngine.swift */,
				EDFE871FAC73BD77AB5A6368 /* IntensityLimiter.swift */,
				1868C6962283F039CF528939 /* OverEditingGuard.swift */,
				F928B8F6178CCF7F82382C34 /* QualityGateService.swift */,
				269103C287576CEE2D3D3199 /* SFXAssetManager.swift */,
				6FB146E284B616EEA64573CF /* TemplateConfig.swift */,
				AEFA457BD2DA1E5D808F8A67 /* TimelineDebugLogger.swift */,
			);
			path = Editing;
			sourceTree = "<group>";
		};
		64C098A7ACC2152C56B7E71E /* Animations */ = {
			isa = PBXGroup;
			children = (
				CC30D8BED7D725522624A5A0 /* onboarding_ai.json */,
				D81953529D437FEC584E1D39 /* onboarding_export.json */,
				F6D9F5B22B891A67A7A60A10 /* onboarding_welcome.json */,
			);
			path = Animations;
			sourceTree = "<group>";
		};
		6AF1FF056AF9A1586A4A5EDA /* UI */ = {
			isa = PBXGroup;
			children = (
				F05673FB3EA70406FB93343F /* AccountScreen.swift */,
				BFADB696F1D425B521D988E0 /* AnalysisScreen.swift */,
				E735B7FA6A82794BED65F79F /* CaptionPreviewScreen.swift */,
				C759B22FEF689C56CC360CF9 /* CustomTemplateBuilderScreen.swift */,
				1E99FFE749DCF4B73DBF1339 /* ExportScreen.swift */,
				DC71CA897E05C4463C8A352E /* OnboardingScreen.swift */,
				C2785F1827D73BCE2EBD4017 /* ProjectsScreen.swift */,
				2A01DD8FF748A80B87ADD3DC /* RoughCutPreviewPlayer.swift */,
				1BCE7E0EF6670FA7B6345C51 /* RoughCutReviewScreen.swift */,
				DF612A1CEF2C642FB5148737 /* TemplateHubScreen.swift */,
				841FE165C77D5B082222516D /* TemplateSelectionScreen.swift */,
				CF11EA132064333A2599A6FB /* VideoImportScreen.swift */,
			);
			path = UI;
			sourceTree = "<group>";
		};
		6B3F92F2FF1C7B91D74E54E1 /* Products */ = {
			isa = PBXGroup;
			children = (
				B9A4ECAEAEB959B791A3372C /* CutSense.app */,
				8CE7C67F669CC7C139D97E42 /* CutSenseTests.xctest */,
			);
			name = Products;
			sourceTree = "<group>";
		};
		9731EB1791F9C012DCAB3559 /* Database */ = {
			isa = PBXGroup;
			children = (
				2515ADDECC802089D2ED807D /* Models.swift */,
				C9E7352B12AB615168B697A4 /* PipelineRepository.swift */,
				F494D19DF79D6891075F003E /* ProjectRepository.swift */,
				58A84CAB5695D7431AF0DE77 /* TemplateHubService.swift */,
			);
			path = Database;
			sourceTree = "<group>";
		};
		9D5CEF5EF8174C17C9725E77 /* Core */ = {
			isa = PBXGroup;
			children = (
				2DB7DC49AAFACB345FCAC32C /* SupabaseClient.swift */,
			);
			path = Core;
			sourceTree = "<group>";
		};
		B69F61777D7651F6B43E88B8 = {
			isa = PBXGroup;
			children = (
				CBD1C901E5D778687410A12B /* CutSense */,
				6B3F92F2FF1C7B91D74E54E1 /* Products */,
			);
			sourceTree = "<group>";
		};
		C04282FB250D4ABF603BEC59 /* Auth */ = {
			isa = PBXGroup;
			children = (
				72233D1433B64E2F396B2C0B /* AuthManager.swift */,
				E3B81F86B6235C8375FA3964 /* AuthScreen.swift */,
			);
			path = Auth;
			sourceTree = "<group>";
		};
		C352374787B869B685F8D2AB /* DesignSystem */ = {
			isa = PBXGroup;
			children = (
				F82E751CD6507A92A9434F6E /* Theme.swift */,
			);
			path = DesignSystem;
			sourceTree = "<group>";
		};
		CBD1C901E5D778687410A12B /* CutSense */ = {
			isa = PBXGroup;
			children = (
				21B8EA8C7B409C4AE35BF3D7 /* CutSense.entitlements */,
				283112666E896AFA8EEC42BB /* Info.plist */,
				35CC3410B0D884249E10C2E7 /* App */,
				C04282FB250D4ABF603BEC59 /* Auth */,
				F48BA4D9BD5C9E3743913A08 /* Captions */,
				9D5CEF5EF8174C17C9725E77 /* Core */,
				9731EB1791F9C012DCAB3559 /* Database */,
				568F452D455B9D00CC6F1233 /* Debug */,
				C352374787B869B685F8D2AB /* DesignSystem */,
				5EC0C59DE8D150877848EF14 /* Editing */,
				0DD0231FE1A8DEAA3568A63F /* Export */,
				EAB2D8C08839F9CF71950CCF /* Resources */,
				4003C4E064D905B994EE3F12 /* RoughCut */,
				3E1083CBD53A83869F4E9290 /* Store */,
				D505E2BC1266530AD3BF7987 /* Tests */,
				6AF1FF056AF9A1586A4A5EDA /* UI */,
				3191EC79147EC13BA7639368 /* Video */,
			);
			path = CutSense;
			sourceTree = "<group>";
		};
		D505E2BC1266530AD3BF7987 /* Tests */ = {
			isa = PBXGroup;
			children = (
				668E0F2DEA05FD6C59ED350F /* CutSenseTests.swift */,
				A249ACA7751369C123E5451A /* PipelineIntegrationTests.swift */,
				4FA5036566837150A84F5B9A /* TimelineMapperTests.swift */,
				578D483127B9D9C32A010159 /* CutSenseQualityTests */,
			);
			path = Tests;
			sourceTree = "<group>";
		};
		EAB2D8C08839F9CF71950CCF /* Resources */ = {
			isa = PBXGroup;
			children = (
				C568ED16C5A5569D901E936F /* Assets.xcassets */,
				C4F714C8062D468DA313F462 /* CutSense.storekit */,
				AB3F4CFE6EB7DA53D3C755D3 /* PrivacyInfo.xcprivacy */,
				64C098A7ACC2152C56B7E71E /* Animations */,
				56AA3FD7EEE9631A039EA62A /* SFX */,
			);
			path = Resources;
			sourceTree = "<group>";
		};
		F48BA4D9BD5C9E3743913A08 /* Captions */ = {
			isa = PBXGroup;
			children = (
				8CE6AF3FAF49136C495610E9 /* CaptionEngine.swift */,
				00055E71E3774D1DA883AA17 /* CaptionModels.swift */,
				228923324C3F2424B2FE4DDF /* CaptionReadabilityGuard.swift */,
				AC7FCCB2E20594CED878C917 /* CaptionRoleClassifier.swift */,
				586DC3889415C1CD20467C73 /* CaptionSceneEventPlanner.swift */,
			);
			path = Captions;
			sourceTree = "<group>";
		};
		"TEMP_DAA9A1AF-22D0-406B-8C42-56CB6E760176" /* ios */ = {
			isa = PBXGroup;
			children = (
				"TEMP_84EA5ACD-F552-4741-847F-401FFB59CAC2" /* Secrets.xcconfig */,
			);
			path = ios;
			sourceTree = "<group>";
		};
/* End PBXGroup section */

/* Begin PBXNativeTarget section */
		4A05FF09A80F99BA55056874 /* CutSenseTests */ = {
			isa = PBXNativeTarget;
			buildConfigurationList = A6CE36C9A296748C8409404D /* Build configuration list for PBXNativeTarget "CutSenseTests" */;
			buildPhases = (
				FA06AA8F5C7433575B4E215F /* Sources */,
				325C7AA35845C22BD8AEED75 /* Resources */,
			);
			buildRules = (
			);
			dependencies = (
				5FF62D850D2FB55F38E20FD9 /* PBXTargetDependency */,
			);
			name = CutSenseTests;
			packageProductDependencies = (
			);
			productName = CutSenseTests;
			productReference = 8CE7C67F669CC7C139D97E42 /* CutSenseTests.xctest */;
			productType = "com.apple.product-type.bundle.unit-test";
		};
		BDB998C8B18E04F0F12E26BD /* CutSense */ = {
			isa = PBXNativeTarget;
			buildConfigurationList = EA2E3ABCB28222F4CFDD25A5 /* Build configuration list for PBXNativeTarget "CutSense" */;
			buildPhases = (
				0E4544873D0BEEBC7EED18CB /* Sources */,
				7861AFD80A71818833DA5797 /* Resources */,
				CE33C02E6E3A1EDFFC11066B /* Frameworks */,
			);
			buildRules = (
			);
			dependencies = (
			);
			name = CutSense;
			packageProductDependencies = (
				FB538ABFCD1E080DC602EE9B /* Supabase */,
				C1223C501B51C6713465798A /* Lottie */,
			);
			productName = CutSense;
			productReference = B9A4ECAEAEB959B791A3372C /* CutSense.app */;
			productType = "com.apple.product-type.application";
		};
/* End PBXNativeTarget section */

/* Begin PBXProject section */
		D95314FEB236E8C34B89ED04 /* Project object */ = {
			isa = PBXProject;
			attributes = {
				BuildIndependentTargetsInParallel = YES;
				LastUpgradeCheck = 1640;
				TargetAttributes = {
					BDB998C8B18E04F0F12E26BD = {
						DevelopmentTeam = 6HCP552XP8;
						ProvisioningStyle = Automatic;
					};
				};
			};
			buildConfigurationList = 662AF4E2A3885F0C21773CBC /* Build configuration list for PBXProject "CutSense" */;
			developmentRegion = en;
			hasScannedForEncodings = 0;
			knownRegions = (
				Base,
				en,
			);
			mainGroup = B69F61777D7651F6B43E88B8;
			minimizedProjectReferenceProxies = 1;
			packageReferences = (
				8D52B5DB169683955AEDB955 /* XCRemoteSwiftPackageReference "lottie-ios" */,
				E3A82BD56F4B97B77E351CB3 /* XCRemoteSwiftPackageReference "supabase-swift" */,
			);
			preferredProjectObjectVersion = 77;
			productRefGroup = 6B3F92F2FF1C7B91D74E54E1 /* Products */;
			projectDirPath = "";
			projectRoot = "";
			targets = (
				BDB998C8B18E04F0F12E26BD /* CutSense */,
				4A05FF09A80F99BA55056874 /* CutSenseTests */,
			);
		};
/* End PBXProject section */

/* Begin PBXResourcesBuildPhase section */
		325C7AA35845C22BD8AEED75 /* Resources */ = {
			isa = PBXResourcesBuildPhase;
			buildActionMask = 2147483647;
			files = (
				3170B1BE4F8E916C31CB2BC6 /* cutsense_test_video.mp4 in Resources */,
			);
			runOnlyForDeploymentPostprocessing = 0;
		};
		7861AFD80A71818833DA5797 /* Resources */ = {
			isa = PBXResourcesBuildPhase;
			buildActionMask = 2147483647;
			files = (
				A27C5761649779A1BCE3B638 /* Assets.xcassets in Resources */,
				88FCA52256AE812FB6A3AE65 /* CutSense.storekit in Resources */,
				0238F25AF2FC0F9DE078FCA7 /* PrivacyInfo.xcprivacy in Resources */,
				B8EA16B2AA648DEE61D90C7E /* confirm.mp3 in Resources */,
				7BAA2F3E1E68B3A6DDB241FA /* impact.mp3 in Resources */,
				ABE73513687163E4F97FB33F /* onboarding_ai.json in Resources */,
				97BD97F196519737F997C1F7 /* onboarding_export.json in Resources */,
				5B256508496EE1CA818D7D61 /* onboarding_welcome.json in Resources */,
				1FCCCFF0AF28AC0E322BDE63 /* pop.mp3 in Resources */,
				694B8B0933D6FE9FBEB7CFAE /* riser.mp3 in Resources */,
				66845A0CF4B43AE2875658CD /* whoosh.mp3 in Resources */,
			);
			runOnlyForDeploymentPostprocessing = 0;
		};
/* End PBXResourcesBuildPhase section */

/* Begin PBXSourcesBuildPhase section */
		0E4544873D0BEEBC7EED18CB /* Sources */ = {
			isa = PBXSourcesBuildPhase;
			buildActionMask = 2147483647;
			files = (
				4A39C3A8C0AF8DCDFD531763 /* AccountScreen.swift in Sources */,
				4D1165E8E5348D4E8F16231E /* AnalysisScreen.swift in Sources */,
				26E48D862C02A3CACFCC666D /* AudioAnalysisService.swift in Sources */,
				94ACC917C41892C3F806E80B /* AudioMixService.swift in Sources */,
				0A701E4C6D95E9F71BC1975A /* AudioQualityGuard.swift in Sources */,
				33CCAA14CC7C6549A5CD62BD /* AuthManager.swift in Sources */,
				009287350ADFA1794A5F547C /* AuthScreen.swift in Sources */,
				9512BCB9AAD8ABC2EA88C7D8 /* BestTakeSelector.swift in Sources */,
				534A78A637D8917232DCD9B1 /* CaptionEngine.swift in Sources */,
				696CCE3CD99BEAD3BD22EA02 /* CaptionModels.swift in Sources */,
				423F23D80750F13801D54231 /* CaptionOverlayCompositor.swift in Sources */,
				2B3285E6C9B3C04CCC850D6B /* CaptionPreviewScreen.swift in Sources */,
				B6DF602015817D4002578543 /* CaptionReadabilityGuard.swift in Sources */,
				A46E147C49C542FD078412F0 /* CaptionRoleClassifier.swift in Sources */,
				26400B2FFC353DFF6A6AE844 /* CaptionSceneEventPlanner.swift in Sources */,
				786602F19EBBE7F49705B4ED /* CleanTimelineBuilder.swift in Sources */,
				B6E5EA06E01A3474AF7C6B83 /* ContextAwareEditCommandDetector.swift in Sources */,
				9F168BB65519F27C3F1E627C /* ContinuityChecker.swift in Sources */,
				7846C279373A603E7AAE8795 /* CustomTemplateBuilderScreen.swift in Sources */,
				138E6D6D3EB793CAF0E65A76 /* CustomTemplateStore.swift in Sources */,
				301B50764891F1535064762B /* CutSenseApp.swift in Sources */,
				1C773039C5E27EF23061CEBD /* DebugTimelineScreen.swift in Sources */,
				9312FECAA7336E816ECF62CF /* EditDecisionEngine.swift in Sources */,
				A393A49F65371AA8F739E41E /* ExportScreen.swift in Sources */,
				DCF23FD8BCB6E72C2FBE4022 /* ExportService.swift in Sources */,
				A387E8D0E762928EC832E5F6 /* ExportVerificationReport.swift in Sources */,
				783DC6915E1C513F21F47D2B /* FilterEngine.swift in Sources */,
				C46A27D2813284BE5254AEE3 /* IntensityLimiter.swift in Sources */,
				E9CF91B32C34517D70DF19E8 /* MeaningPreservationEngine.swift in Sources */,
				5671B9304FB2DC42E80E64A3 /* Models.swift in Sources */,
				A36E8F56161270DEEAA9CD56 /* OnboardingScreen.swift in Sources */,
				CB100223B5178427C59CF3A5 /* OverEditingGuard.swift in Sources */,
				EB51CC12E7E4355BC11F634E /* PaywallScreen.swift in Sources */,
				CC06F1C1B25F33B0F58E1031 /* PipelineRepository.swift in Sources */,
				1B32AE90CD97373BBC38CA0C /* ProjectRepository.swift in Sources */,
				229EC4A7B09ACBFFF660A9AC /* ProjectsScreen.swift in Sources */,
				AC88AA985F31542565EE3679 /* QualityGateService.swift in Sources */,
				922F39C42B814DE21BA7BD9C /* RootView.swift in Sources */,
				3E27F382B6A0859D26B67B66 /* RoughCutDecisionEngine.swift in Sources */,
				75D72BF1CAE19412CCD4E80D /* RoughCutPreviewPlayer.swift in Sources */,
				7ECB66A107EB769406B13E60 /* RoughCutReviewScreen.swift in Sources */,
				27EFC17E9403D28F5F5F80C3 /* SFXAssetManager.swift in Sources */,
				EED8ADD818110699E2C50C5A /* SmartTranscriptAnalyzer.swift in Sources */,
				A4E819439EBA44CE9C52B371 /* SpeechTranscriptionService.swift in Sources */,
				94FCAB872F179B71A12DEA72 /* SubscriptionManager.swift in Sources */,
				C53A6705E446B62F2CE64C45 /* SupabaseClient.swift in Sources */,
				41A88B209E8C52CC778F8BB8 /* TakeDetectionEngine.swift in Sources */,
				9FB0F6DBA4FCE052496C4163 /* TemplateConfig.swift in Sources */,
				852454AB5509C96708AF8E0D /* TemplateHubScreen.swift in Sources */,
				DA9F44B14EBE9B91990A2C75 /* TemplateHubService.swift in Sources */,
				0DDF31CD4796724245DC1EF4 /* TemplateSelectionScreen.swift in Sources */,
				837643FFAFE3177E3A31CC81 /* Theme.swift in Sources */,
				6C2E2B5FBA841BEA58B87AC9 /* TimelineDebugLogger.swift in Sources */,
				B2F83FC1E1329E7103A1600E /* TimelineMapper.swift in Sources */,
				BB959AF76A2768AC1BC67BD2 /* TranscriptCleanupAnalyzer.swift in Sources */,
				49D01160A804DD0C19D6264E /* VideoImportScreen.swift in Sources */,
				D2BD8EF815D8FB6530381BE4 /* VideoImportService.swift in Sources */,
				ADCAD5E915940F15C057A775 /* VideoMetadataService.swift in Sources */,
				69D63998D72478F3CDD63286 /* VideoPreviewEngine.swift in Sources */,
			);
			runOnlyForDeploymentPostprocessing = 0;
		};
		FA06AA8F5C7433575B4E215F /* Sources */ = {
			isa = PBXSourcesBuildPhase;
			buildActionMask = 2147483647;
			files = (
				AC288C9000CFD7226A256596 /* CutSenseTests.swift in Sources */,
				3125FF75BF4329C6EBF1F6E5 /* ExportPipelineE2ETests.swift in Sources */,
				3119699A27FC174B5FED0C20 /* ExportVerificationTests.swift in Sources */,
				746A68F8301DD383E88E47B3 /* GoldenTranscriptTests.swift in Sources */,
				A084EF24CE460E3521205A57 /* PipelineIntegrationTests.swift in Sources */,
				C8E94B08BDEBCB211EACCF08 /* RoughCutModuleTests.swift in Sources */,
				4CD84223916261970EBBAC17 /* TestHelpers.swift in Sources */,
				B75BEAAB8EDA50187B9EAC58 /* TimelineMapperTests.swift in Sources */,
			);
			runOnlyForDeploymentPostprocessing = 0;
		};
/* End PBXSourcesBuildPhase section */

/* Begin PBXTargetDependency section */
		5FF62D850D2FB55F38E20FD9 /* PBXTargetDependency */ = {
			isa = PBXTargetDependency;
			target = BDB998C8B18E04F0F12E26BD /* CutSense */;
			targetProxy = FCCFA5AFCFC0B253C7A8E137 /* PBXContainerItemProxy */;
		};
/* End PBXTargetDependency section */

/* Begin XCBuildConfiguration section */
		3563FB499C67D633C08BACC3 /* Release */ = {
			isa = XCBuildConfiguration;
			buildSettings = {
				BUNDLE_LOADER = "$(TEST_HOST)";
				ENABLE_TESTING_SEARCH_PATHS = YES;
				GENERATE_INFOPLIST_FILE = YES;
				LD_RUNPATH_SEARCH_PATHS = (
					"$(inherited)",
					"@executable_path/Frameworks",
					"@loader_path/Frameworks",
				);
				PRODUCT_BUNDLE_IDENTIFIER = com.cutsense.CutSenseTests;
				SDKROOT = iphoneos;
				SWIFT_VERSION = 6.0;
				TARGETED_DEVICE_FAMILY = "1,2";
				TEST_HOST = "$(BUILT_PRODUCTS_DIR)/CutSense.app/CutSense";
			};
			name = Release;
		};
		5D2B5D51A98111036FFA9A82 /* Debug */ = {
			isa = XCBuildConfiguration;
			baseConfigurationReference = "TEMP_84EA5ACD-F552-4741-847F-401FFB59CAC2" /* Secrets.xcconfig */;
			buildSettings = {
				ALWAYS_SEARCH_USER_PATHS = NO;
				CLANG_ANALYZER_NONNULL = YES;
				CLANG_ANALYZER_NUMBER_OBJECT_CONVERSION = YES_AGGRESSIVE;
				CLANG_CXX_LANGUAGE_STANDARD = "gnu++14";
				CLANG_CXX_LIBRARY = "libc++";
				CLANG_ENABLE_MODULES = YES;
				CLANG_ENABLE_OBJC_ARC = YES;
				CLANG_ENABLE_OBJC_WEAK = YES;
				CLANG_WARN_BLOCK_CAPTURE_AUTORELEASING = YES;
				CLANG_WARN_BOOL_CONVERSION = YES;
				CLANG_WARN_COMMA = YES;
				CLANG_WARN_CONSTANT_CONVERSION = YES;
				CLANG_WARN_DEPRECATED_OBJC_IMPLEMENTATIONS = YES;
				CLANG_WARN_DIRECT_OBJC_ISA_USAGE = YES_ERROR;
				CLANG_WARN_DOCUMENTATION_COMMENTS = YES;
				CLANG_WARN_EMPTY_BODY = YES;
				CLANG_WARN_ENUM_CONVERSION = YES;
				CLANG_WARN_INFINITE_RECURSION = YES;
				CLANG_WARN_INT_CONVERSION = YES;
				CLANG_WARN_NON_LITERAL_NULL_CONVERSION = YES;
				CLANG_WARN_OBJC_IMPLICIT_RETAIN_SELF = YES;
				CLANG_WARN_OBJC_LITERAL_CONVERSION = YES;
				CLANG_WARN_OBJC_ROOT_CLASS = YES_ERROR;
				CLANG_WARN_QUOTED_INCLUDE_IN_FRAMEWORK_HEADER = YES;
				CLANG_WARN_RANGE_LOOP_ANALYSIS = YES;
				CLANG_WARN_STRICT_PROTOTYPES = YES;
				CLANG_WARN_SUSPICIOUS_MOVE = YES;
				CLANG_WARN_UNGUARDED_AVAILABILITY = YES_AGGRESSIVE;
				CLANG_WARN_UNREACHABLE_CODE = YES;
				CLANG_WARN__DUPLICATE_METHOD_MATCH = YES;
				COPY_PHASE_STRIP = NO;
				DEBUG_INFORMATION_FORMAT = dwarf;
				ENABLE_STRICT_OBJC_MSGSEND = YES;
				ENABLE_TESTABILITY = YES;
				GCC_C_LANGUAGE_STANDARD = gnu11;
				GCC_DYNAMIC_NO_PIC = NO;
				GCC_NO_COMMON_BLOCKS = YES;
				GCC_OPTIMIZATION_LEVEL = 0;
				GCC_PREPROCESSOR_DEFINITIONS = (
					"$(inherited)",
					"DEBUG=1",
				);
				GCC_WARN_64_TO_32_BIT_CONVERSION = YES;
				GCC_WARN_ABOUT_RETURN_TYPE = YES_ERROR;
				GCC_WARN_UNDECLARED_SELECTOR = YES;
				GCC_WARN_UNINITIALIZED_AUTOS = YES_AGGRESSIVE;
				GCC_WARN_UNUSED_FUNCTION = YES;
				GCC_WARN_UNUSED_VARIABLE = YES;
				IPHONEOS_DEPLOYMENT_TARGET = 17.0;
				MTL_ENABLE_DEBUG_INFO = INCLUDE_SOURCE;
				MTL_FAST_MATH = YES;
				ONLY_ACTIVE_ARCH = YES;
				PRODUCT_NAME = "$(TARGET_NAME)";
				SDKROOT = iphoneos;
				SWIFT_ACTIVE_COMPILATION_CONDITIONS = DEBUG;
				SWIFT_OPTIMIZATION_LEVEL = "-Onone";
				SWIFT_VERSION = 5.0;
			};
			name = Debug;
		};
		60459041F0EE55D9DA7E994A /* Debug */ = {
			isa = XCBuildConfiguration;
			buildSettings = {
				BUNDLE_LOADER = "$(TEST_HOST)";
				ENABLE_TESTING_SEARCH_PATHS = YES;
				GENERATE_INFOPLIST_FILE = YES;
				LD_RUNPATH_SEARCH_PATHS = (
					"$(inherited)",
					"@executable_path/Frameworks",
					"@loader_path/Frameworks",
				);
				PRODUCT_BUNDLE_IDENTIFIER = com.cutsense.CutSenseTests;
				SDKROOT = iphoneos;
				SWIFT_VERSION = 6.0;
				TARGETED_DEVICE_FAMILY = "1,2";
				TEST_HOST = "$(BUILT_PRODUCTS_DIR)/CutSense.app/CutSense";
			};
			name = Debug;
		};
		99BC8EAA3459D2B564347FD0 /* Release */ = {
			isa = XCBuildConfiguration;
			baseConfigurationReference = "TEMP_84EA5ACD-F552-4741-847F-401FFB59CAC2" /* Secrets.xcconfig */;
			buildSettings = {
				ALWAYS_SEARCH_USER_PATHS = NO;
				CLANG_ANALYZER_NONNULL = YES;
				CLANG_ANALYZER_NUMBER_OBJECT_CONVERSION = YES_AGGRESSIVE;
				CLANG_CXX_LANGUAGE_STANDARD = "gnu++14";
				CLANG_CXX_LIBRARY = "libc++";
				CLANG_ENABLE_MODULES = YES;
				CLANG_ENABLE_OBJC_ARC = YES;
				CLANG_ENABLE_OBJC_WEAK = YES;
				CLANG_WARN_BLOCK_CAPTURE_AUTORELEASING = YES;
				CLANG_WARN_BOOL_CONVERSION = YES;
				CLANG_WARN_COMMA = YES;
				CLANG_WARN_CONSTANT_CONVERSION = YES;
				CLANG_WARN_DEPRECATED_OBJC_IMPLEMENTATIONS = YES;
				CLANG_WARN_DIRECT_OBJC_ISA_USAGE = YES_ERROR;
				CLANG_WARN_DOCUMENTATION_COMMENTS = YES;
				CLANG_WARN_EMPTY_BODY = YES;
				CLANG_WARN_ENUM_CONVERSION = YES;
				CLANG_WARN_INFINITE_RECURSION = YES;
				CLANG_WARN_INT_CONVERSION = YES;
				CLANG_WARN_NON_LITERAL_NULL_CONVERSION = YES;
				CLANG_WARN_OBJC_IMPLICIT_RETAIN_SELF = YES;
				CLANG_WARN_OBJC_LITERAL_CONVERSION = YES;
				CLANG_WARN_OBJC_ROOT_CLASS = YES_ERROR;
				CLANG_WARN_QUOTED_INCLUDE_IN_FRAMEWORK_HEADER = YES;
				CLANG_WARN_RANGE_LOOP_ANALYSIS = YES;
				CLANG_WARN_STRICT_PROTOTYPES = YES;
				CLANG_WARN_SUSPICIOUS_MOVE = YES;
				CLANG_WARN_UNGUARDED_AVAILABILITY = YES_AGGRESSIVE;
				CLANG_WARN_UNREACHABLE_CODE = YES;
				CLANG_WARN__DUPLICATE_METHOD_MATCH = YES;
				COPY_PHASE_STRIP = NO;
				DEBUG_INFORMATION_FORMAT = "dwarf-with-dsym";
				ENABLE_NS_ASSERTIONS = NO;
				ENABLE_STRICT_OBJC_MSGSEND = YES;
				GCC_C_LANGUAGE_STANDARD = gnu11;
				GCC_NO_COMMON_BLOCKS = YES;
				GCC_WARN_64_TO_32_BIT_CONVERSION = YES;
				GCC_WARN_ABOUT_RETURN_TYPE = YES_ERROR;
				GCC_WARN_UNDECLARED_SELECTOR = YES;
				GCC_WARN_UNINITIALIZED_AUTOS = YES_AGGRESSIVE;
				GCC_WARN_UNUSED_FUNCTION = YES;
				GCC_WARN_UNUSED_VARIABLE = YES;
				IPHONEOS_DEPLOYMENT_TARGET = 17.0;
				MTL_ENABLE_DEBUG_INFO = NO;
				MTL_FAST_MATH = YES;
				PRODUCT_NAME = "$(TARGET_NAME)";
				SDKROOT = iphoneos;
				SWIFT_COMPILATION_MODE = wholemodule;
				SWIFT_OPTIMIZATION_LEVEL = "-O";
				SWIFT_VERSION = 5.0;
			};
			name = Release;
		};
		CFF7C52638FE6625D609A2E4 /* Release */ = {
			isa = XCBuildConfiguration;
			buildSettings = {
				ASSETCATALOG_COMPILER_APPICON_NAME = AppIcon;
				CODE_SIGN_ENTITLEMENTS = CutSense/CutSense.entitlements;
				CODE_SIGN_IDENTITY = "iPhone Developer";
				CODE_SIGN_STYLE = Automatic;
				CURRENT_PROJECT_VERSION = 14;
				DEVELOPMENT_TEAM = 6HCP552XP8;
				INFOPLIST_FILE = CutSense/Info.plist;
				LD_RUNPATH_SEARCH_PATHS = (
					"$(inherited)",
					"@executable_path/Frameworks",
				);
				MARKETING_VERSION = 1.0.0;
				PRODUCT_BUNDLE_IDENTIFIER = com.cutsense.app;
				SDKROOT = iphoneos;
				SWIFT_STRICT_CONCURRENCY = complete;
				SWIFT_VERSION = 6.0;
				TARGETED_DEVICE_FAMILY = "1,2";
			};
			name = Release;
		};
		DDC243448BF4F4172C9D9B99 /* Debug */ = {
			isa = XCBuildConfiguration;
			buildSettings = {
				ASSETCATALOG_COMPILER_APPICON_NAME = AppIcon;
				CODE_SIGN_ENTITLEMENTS = CutSense/CutSense.entitlements;
				CODE_SIGN_IDENTITY = "iPhone Developer";
				CODE_SIGN_STYLE = Automatic;
				CURRENT_PROJECT_VERSION = 14;
				DEVELOPMENT_TEAM = 6HCP552XP8;
				INFOPLIST_FILE = CutSense/Info.plist;
				LD_RUNPATH_SEARCH_PATHS = (
					"$(inherited)",
					"@executable_path/Frameworks",
				);
				MARKETING_VERSION = 1.0.0;
				PRODUCT_BUNDLE_IDENTIFIER = com.cutsense.app;
				SDKROOT = iphoneos;
				SWIFT_STRICT_CONCURRENCY = complete;
				SWIFT_VERSION = 6.0;
				TARGETED_DEVICE_FAMILY = "1,2";
			};
			name = Debug;
		};
/* End XCBuildConfiguration section */

/* Begin XCConfigurationList section */
		662AF4E2A3885F0C21773CBC /* Build configuration list for PBXProject "CutSense" */ = {
			isa = XCConfigurationList;
			buildConfigurations = (
				5D2B5D51A98111036FFA9A82 /* Debug */,
				99BC8EAA3459D2B564347FD0 /* Release */,
			);
			defaultConfigurationIsVisible = 0;
			defaultConfigurationName = Debug;
		};
		A6CE36C9A296748C8409404D /* Build configuration list for PBXNativeTarget "CutSenseTests" */ = {
			isa = XCConfigurationList;
			buildConfigurations = (
				60459041F0EE55D9DA7E994A /* Debug */,
				3563FB499C67D633C08BACC3 /* Release */,
			);
			defaultConfigurationIsVisible = 0;
			defaultConfigurationName = Debug;
		};
		EA2E3ABCB28222F4CFDD25A5 /* Build configuration list for PBXNativeTarget "CutSense" */ = {
			isa = XCConfigurationList;
			buildConfigurations = (
				DDC243448BF4F4172C9D9B99 /* Debug */,
				CFF7C52638FE6625D609A2E4 /* Release */,
			);
			defaultConfigurationIsVisible = 0;
			defaultConfigurationName = Debug;
		};
/* End XCConfigurationList section */

/* Begin XCRemoteSwiftPackageReference section */
		8D52B5DB169683955AEDB955 /* XCRemoteSwiftPackageReference "lottie-ios" */ = {
			isa = XCRemoteSwiftPackageReference;
			repositoryURL = "https://github.com/airbnb/lottie-ios";
			requirement = {
				kind = upToNextMajorVersion;
				minimumVersion = 4.4.0;
			};
		};
		E3A82BD56F4B97B77E351CB3 /* XCRemoteSwiftPackageReference "supabase-swift" */ = {
			isa = XCRemoteSwiftPackageReference;
			repositoryURL = "https://github.com/supabase/supabase-swift";
			requirement = {
				kind = upToNextMajorVersion;
				minimumVersion = 2.0.0;
			};
		};
/* End XCRemoteSwiftPackageReference section */

/* Begin XCSwiftPackageProductDependency section */
		C1223C501B51C6713465798A /* Lottie */ = {
			isa = XCSwiftPackageProductDependency;
			package = 8D52B5DB169683955AEDB955 /* XCRemoteSwiftPackageReference "lottie-ios" */;
			productName = Lottie;
		};
		FB538ABFCD1E080DC602EE9B /* Supabase */ = {
			isa = XCSwiftPackageProductDependency;
			package = E3A82BD56F4B97B77E351CB3 /* XCRemoteSwiftPackageReference "supabase-swift" */;
			productName = Supabase;
		};
/* End XCSwiftPackageProductDependency section */
	};
	rootObject = D95314FEB236E8C34B89ED04 /* Project object */;
}
